
Microsoft Visual Studio Solution File, Format Version 12.00
# Visual Studio Version 16
VisualStudioVersion = 16.0.30014.187
MinimumVisualStudioVersion = 10.0.40219.1
Project("{FAE04EC0-301F-11D3-BF4B-00C04F79EFBC}") = "Sql_project", "Sql_project.csproj", "{41DC199E-605C-4190-B236-F8FEB7F502A0}"
EndProject
Project("{FAE04EC0-301F-11D3-BF4B-00C04F79EFBC}") = "unittest", "..\unittest\unittest.csproj", "{67AEEB0B-C303-4E6A-9725-555C2D0936B9}"
EndProject
Global
	GlobalSection(SolutionConfigurationPlatforms) = preSolution
		Debug|Any CPU = Debug|Any CPU
		Release|Any CPU = Release|Any CPU
	EndGlobalSection
	GlobalSection(ProjectConfigurationPlatforms) = postSolution
		{41DC199E-605C-4190-B236-F8FEB7F502A0}.Debug|Any CPU.ActiveCfg = Debug|Any CPU
		{41DC199E-605C-4190-B236-F8FEB7F502A0}.Debug|Any CPU.Build.0 = Debug|Any CPU
		{41DC199E-605C-4190-B236-F8FEB7F502A0}.Release|Any CPU.ActiveCfg = Release|Any CPU
		{41DC199E-605C-4190-B236-F8FEB7F502A0}.Release|Any CPU.Build.0 = Release|Any CPU
		{67AEEB0B-C303-4E6A-9725-555C2D0936B9}.Debug|Any CPU.ActiveCfg = Debug|Any CPU
		{67AEEB0B-C303-4E6A-9725-555C2D0936B9}.Debug|Any CPU.Build.0 = Debug|Any CPU
		{67AEEB0B-C303-4E6A-9725-555C2D0936B9}.Release|Any CPU.ActiveCfg = Release|Any CPU
		{67AEEB0B-C303-4E6A-9725-555C2D0936B9}.Release|Any CPU.Build.0 = Release|Any CPU
	EndGlobalSection
	GlobalSection(SolutionProperties) = preSolution
		HideSolutionNode = FALSE
	EndGlobalSection
	GlobalSection(ExtensibilityGlobals) = postSolution
		SolutionGuid = {E11E1B0E-B17C-4B38-875F-F1348DF0D3E9}
	EndGlobalSection
EndGlobal
